
Microsoft Visual Studio Solution File, Format Version 12.00
# Visual Studio Version 17
VisualStudioVersion = 17.13.35931.197
MinimumVisualStudioVersion = 10.0.40219.1
Project("{FAE04EC0-301F-11D3-BF4B-00C04F79EFBC}") = "DotNetTalk.CustomClaimProvider.EntraModel", "DotNetTalk.CustomClaimProvider.EntraModel\DotNetTalk.CustomClaimProvider.EntraModel.csproj", "{EEC72D7D-08C9-476B-8EA4-AAB6E679F4CD}"
EndProject
Project("{FAE04EC0-301F-11D3-BF4B-00C04F79EFBC}") = "DotNetTalk.CustomClaimProvider.Functions", "DotNetTalk.CustomClaimProvider.Functions\DotNetTalk.CustomClaimProvider.Functions.csproj", "{9B905062-C369-C313-E10A-E49A771C157C}"
EndProject
Project("{2150E333-8FDC-42A3-9474-1A3956D46DE8}") = "UMLs", "UMLs", "{8EC462FD-D22E-90A8-E5CE-7E832BA40C5D}"
	ProjectSection(SolutionItems) = preProject
		plantuml\authentication-authorization-via-rest.puml = plantuml\authentication-authorization-via-rest.puml
		plantuml\authentication-custom-claims.puml = plantuml\authentication-custom-claims.puml
		plantuml\authentication-general.puml = plantuml\authentication-general.puml
		plantuml\genral-auth-with-entra.puml = plantuml\genral-auth-with-entra.puml
	EndProjectSection
EndProject
Global
	GlobalSection(SolutionConfigurationPlatforms) = preSolution
		Debug|Any CPU = Debug|Any CPU
		Release|Any CPU = Release|Any CPU
	EndGlobalSection
	GlobalSection(ProjectConfigurationPlatforms) = postSolution
		{EEC72D7D-08C9-476B-8EA4-AAB6E679F4CD}.Debug|Any CPU.ActiveCfg = Debug|Any CPU
		{EEC72D7D-08C9-476B-8EA4-AAB6E679F4CD}.Debug|Any CPU.Build.0 = Debug|Any CPU
		{EEC72D7D-08C9-476B-8EA4-AAB6E679F4CD}.Release|Any CPU.ActiveCfg = Release|Any CPU
		{EEC72D7D-08C9-476B-8EA4-AAB6E679F4CD}.Release|Any CPU.Build.0 = Release|Any CPU
		{9B905062-C369-C313-E10A-E49A771C157C}.Debug|Any CPU.ActiveCfg = Debug|Any CPU
		{9B905062-C369-C313-E10A-E49A771C157C}.Debug|Any CPU.Build.0 = Debug|Any CPU
		{9B905062-C369-C313-E10A-E49A771C157C}.Release|Any CPU.ActiveCfg = Release|Any CPU
		{9B905062-C369-C313-E10A-E49A771C157C}.Release|Any CPU.Build.0 = Release|Any CPU
	EndGlobalSection
	GlobalSection(SolutionProperties) = preSolution
		HideSolutionNode = FALSE
	EndGlobalSection
	GlobalSection(ExtensibilityGlobals) = postSolution
		SolutionGuid = {F1FD8420-338C-4E24-8A99-486A817056AE}
	EndGlobalSection
EndGlobal
